# THIS IS AN AUTOGENERATED FILE. DO NOT EDIT THIS FILE DIRECTLY.
# yarn lockfile v1


is-number@^6.0.0, "is-number@file:./vendor/is-number-6.0.0.tgz":
  version "6.0.0"
  resolved "file:./vendor/is-number-6.0.0.tgz#aee0956a6769b58d637166470574ebcd95853b6c"

is-odd@3.0.1:
  version "3.0.1"
  resolved "https://registry.yarnpkg.com/is-odd/-/is-odd-3.0.1.tgz#65101baf3727d728b66fa62f50cda7f2d3989601"
  integrity sha512-CQpnWPrDwmP1+SMHXZhtLtJv90yiyVfluGsX5iNCVkrhQtU3TQHsUWPG9wkdk9Lgd5yNpAg9jQEo90CBaXgWMA==
  dependencies:
    is-number "^6.0.0"

"num@file:./vendor/is-number-6.0.0.tgz":
  version "6.0.0"
  resolved "file:./vendor/is-number-6.0.0.tgz#aee0956a6769b58d637166470574ebcd95853b6c"
