PODS:
  - Alamofire (5.8.1)
  - "Artsy+UIColors (3.0.1)"
  - HttpPod (3.0.0)
  - KeychainAccess (4.2.2)
  - LocalPod (0.1.0):
    - LocalPod/Core (= 0.1.0)
  - LocalPod/Core (0.1.0):
    - Alamofire (~> 5.8)
  - LocalPod/Extra (0.1.0):
    - Kingfisher (~> 7.0)
    - LocalPod/Core
  - LocalPod/Tests (0.1.0)
  - Moya (15.0.0):
    - Moya/Core (= 15.0.0)
  - Moya/Core (15.0.0):
    - Alamofire (~> 5.0)
  - Reusable (4.1.2):
    - Reusable/Storyboard (= 4.1.2)
    - Reusable/View (= 4.1.2)
  - Reusable/Storyboard (4.1.2)
  - Reusable/View (4.1.2)
  - SnapKit (5.7.1)
  - SpecPod (2.0.0)
  - SwiftyJSON (5.0.2)
  - Then (3.0.0)

DEPENDENCIES:
  - Alamofire (~> 5.8.0)
  - "Artsy+UIColors (= 3.0.1)"
  - "HttpPod (from `{:http=>\"http://127.0.0.1:8137/HttpPod.tgz\", :type=>\"tgz\", :sha256=>\"b6250289b2ec9b69fbb51bfcbc7d521ff22568f947e393d51c0aa4af1874ed6a\"}`)"
  - KeychainAccess (from `https://github.com/kishikawakatsumi/KeychainAccess.git`, commit `84e546727d66f1adc5439debad16270d0fdd04e7`)
  - LocalPod (from `LocalPod`)
  - LocalPod/Extra (from `LocalPod`)
  - LocalPod/Tests (from `LocalPod`)
  - Moya (~> 15.0)
  - Reusable (from `https://github.com/AliSoftware/Reusable.git`)
  - SnapKit (< 6.0, >= 5.0)
  - SpecPod (from `specs/SpecPod.podspec`)
  - SwiftyJSON (from `https://github.com/SwiftyJSON/SwiftyJSON.git`, tag `5.0.2`)
  - Then (from `https://github.com/devxoul/Then.git`, branch `main`)

SPEC REPOS:
  https://github.com/artsy/Specs.git:
    - "Artsy+UIColors"
  trunk:
    - Alamofire
    - Moya
    - SnapKit

EXTERNAL SOURCES:
  HttpPod:
    :http: http://127.0.0.1:8137/HttpPod.tgz
    :sha256: b6250289b2ec9b69fbb51bfcbc7d521ff22568f947e393d51c0aa4af1874ed6a
    :type: tgz
  KeychainAccess:
    :commit: 84e546727d66f1adc5439debad16270d0fdd04e7
    :git: https://github.com/kishikawakatsumi/KeychainAccess.git
  LocalPod:
    :path: LocalPod
  Reusable:
    :git: https://github.com/AliSoftware/Reusable.git
    :submodules: true
  SpecPod:
    :podspec: specs/SpecPod.podspec
  SwiftyJSON:
    :git: https://github.com/SwiftyJSON/SwiftyJSON.git
    :tag: 5.0.2
  Then:
    :branch: main
    :git: https://github.com/devxoul/Then.git

CHECKOUT OPTIONS:
  HttpPod:
    :http: http://127.0.0.1:8137/HttpPod.tgz
    :sha256: b6250289b2ec9b69fbb51bfcbc7d521ff22568f947e393d51c0aa4af1874ed6a
    :type: tgz
  KeychainAccess:
    :commit: 84e546727d66f1adc5439debad16270d0fdd04e7
    :git: https://github.com/kishikawakatsumi/KeychainAccess.git
  Reusable:
    :commit: 85e8ef7b2441433ffed2fc8cf4942961b70a83f6
    :git: https://github.com/AliSoftware/Reusable.git
    :submodules: true
  SpecPod:
    :commit: 529bfcb6a47276296d202b94a9c49ad6a10b6da2
    :git: https://github.com/devxoul/Then.git
  SwiftyJSON:
    :git: https://github.com/SwiftyJSON/SwiftyJSON.git
    :tag: 5.0.2
  Then:
    :commit: 529bfcb6a47276296d202b94a9c49ad6a10b6da2
    :git: https://github.com/devxoul/Then.git

SPEC CHECKSUMS:
  Alamofire: 3ca42e259043ee0dc5c0cdd76c4bc568b8e42af7
  "Artsy+UIColors": 10a2d71e9ffe1015be43d4e084d13ff4337aab97
  HttpPod: 7462084ed2bc7a81174850056b2a680d101002cf
  KeychainAccess: c0c4f7f38f6fc7bbe58f5702e25f7bd2f65abf51
  LocalPod: ccb214e2561cb11f1c621211584565c5b1933476
  Moya: 138f0573e53411fb3dc17016add0b748dfbd78ee
  Reusable: 6bae6a5e8aa793c9c441db0213c863a64bce9136
  SnapKit: d612e99e678a2d3b95bf60b0705ed0a35c03484a
  SpecPod: baaefb89c353897764aaeb15b877a56c935b7b8c
  SwiftyJSON: 576fbf26942d5ef414daad8870b1642413ecc00c
  Then: 844265ae87834bbe1147d91d5d41a404da2ec27d

PODFILE CHECKSUM: 289fe84cfa8626bebd08c84a8527a888ab2a51d3

COCOAPODS: 1.16.2
