# THIS IS AN AUTOGENERATED FILE. DO NOT EDIT THIS FILE DIRECTLY.
# yarn lockfile v1


fsevents@2.3.3:
  version "2.3.3"
  resolved "https://registry.yarnpkg.com/fsevents/-/fsevents-2.3.3.tgz#cac6407785d03675a2a5e1a5305c697b347d90d6"

is-number@^6.0.0:
  version "6.0.0"
  resolved "https://registry.yarnpkg.com/is-number/-/is-number-6.0.0.tgz#e6d15ad31fc262887cccf217ae5f9316f81b1995"

is-odd@3.0.1:
  version "3.0.1"
  resolved "https://registry.yarnpkg.com/is-odd/-/is-odd-3.0.1.tgz#65101baf3727d728b66fa62f50cda7f2d3989601"
  dependencies:
    is-number "^6.0.0"

"isarray@git+https://github.com/juliangruber/isarray.git#v2.0.5":
  version "2.0.5"
  resolved "git+https://github.com/juliangruber/isarray.git#63ea4ca0a0d6b0574d6a470ebd26880c3026db4a"

"js-tokens@^3.0.0 || ^4.0.0":
  version "4.0.0"
  resolved "https://registry.yarnpkg.com/js-tokens/-/js-tokens-4.0.0.tgz#19203fb59991df98e3a287050d4647cdeaf32499"

loose-envify@^1.1.0:
  version "1.4.0"
  resolved "https://registry.yarnpkg.com/loose-envify/-/loose-envify-1.4.0.tgz#71ee51fa7be4caec1a63839f7e682d8132d30caf"
  dependencies:
    js-tokens "^3.0.0 || ^4.0.0"

mkdirp@1.0.4:
  version "1.0.4"
  resolved "https://registry.yarnpkg.com/mkdirp/-/mkdirp-1.0.4.tgz#3eb5ed62622756d79a5f0e2a221dfebad75c2f7e"

react-dom@18.2.0:
  version "18.2.0"
  resolved "https://registry.yarnpkg.com/react-dom/-/react-dom-18.2.0.tgz#22aaf38708db2674ed9ada224ca4aa708d821e3d"
  dependencies:
    loose-envify "^1.1.0"
    scheduler "^0.23.0"

scheduler@^0.23.0:
  version "0.23.2"
  resolved "https://registry.yarnpkg.com/scheduler/-/scheduler-0.23.2.tgz#414ba64a3b282892e944cf2108ecc078d115cdc3"
  dependencies:
    loose-envify "^1.1.0"
